
Microsoft Visual Studio Solution File, Format Version 12.00
# Visual Studio Version 16
VisualStudioVersion = 16.0.30204.135
MinimumVisualStudioVersion = 10.0.40219.1
Project("{FAE04EC0-301F-11D3-BF4B-00C04F79EFBC}") = "DemoApp", "src\DemoApp\DemoApp.csproj", "{5EA08345-B9C1-440C-B8B9-32EE8F4391AE}"
EndProject
Global
	GlobalSection(SolutionConfigurationPlatforms) = preSolution
		Debug|Any CPU = Debug|Any CPU
		Release|Any CPU = Release|Any CPU
	EndGlobalSection
	GlobalSection(ProjectConfigurationPlatforms) = postSolution
		{5EA08345-B9C1-440C-B8B9-32EE8F4391AE}.Debug|Any CPU.ActiveCfg = Debug|Any CPU
		{5EA08345-B9C1-440C-B8B9-32EE8F4391AE}.Debug|Any CPU.Build.0 = Debug|Any CPU
		{5EA08345-B9C1-440C-B8B9-32EE8F4391AE}.Release|Any CPU.ActiveCfg = Release|Any CPU
		{5EA08345-B9C1-440C-B8B9-32EE8F4391AE}.Release|Any CPU.Build.0 = Release|Any CPU
	EndGlobalSection
	GlobalSection(SolutionProperties) = preSolution
		HideSolutionNode = FALSE
	EndGlobalSection
	GlobalSection(ExtensibilityGlobals) = postSolution
		SolutionGuid = {D538CBE4-8321-41D5-8A6E-2B6ECF9B0F8E}
	EndGlobalSection
EndGlobal
